// !$*UTF8*$!
{
	archiveVersion = 1;
	classes = {
	};
	objectVersion = 46;
	objects = {

/* Begin PBXBuildFile section */
		1D211C1368F283750075630E /* Pods_HarunaUITests.framework in Frameworks */ = {isa = PBXBuildFile; fileRef = C604DDD1E3FCC8DD2F83209A /* Pods_HarunaUITests.framework */; };
		2D7870221B676A017CCE7228 /* Pods_Haruna.framework in Frameworks */ = {isa = PBXBuildFile; fileRef = 7704FE944583055F1BFF0571 /* Pods_Haruna.framework */; };
		49170D661EB9B48A004C6081 /* Event.swift in Sources */ = {isa = PBXBuildFile; fileRef = 49170D651EB9B48A004C6081 /* Event.swift */; };
		49E664AA1EB96BDC00CE0A64 /* AppDelegate.swift in Sources */ = {isa = PBXBuildFile; fileRef = 49E664A91EB96BDC00CE0A64 /* AppDelegate.swift */; };
		49E664AC1EB96BDC00CE0A64 /* FirstViewController.swift in Sources */ = {isa = PBXBuildFile; fileRef = 49E664AB1EB96BDC00CE0A64 /* FirstViewController.swift */; };
		49E664AE1EB96BDC00CE0A64 /* SecondViewController.swift in Sources */ = {isa = PBXBuildFile; fileRef = 49E664AD1EB96BDC00CE0A64 /* SecondViewController.swift */; };
		49E664B11EB96BDC00CE0A64 /* Main.storyboard in Resources */ = {isa = PBXBuildFile; fileRef = 49E664AF1EB96BDC00CE0A64 /* Main.storyboard */; };
		49E664B31EB96BDC00CE0A64 /* Assets.xcassets in Resources */ = {isa = PBXBuildFile; fileRef = 49E664B21EB96BDC00CE0A64 /* Assets.xcassets */; };
		49E664B61EB96BDC00CE0A64 /* LaunchScreen.storyboard in Resources */ = {isa = PBXBuildFile; fileRef = 49E664B41EB96BDC00CE0A64 /* LaunchScreen.storyboard */; };
		49E664C11EB96BDD00CE0A64 /* HarunaTests.swift in Sources */ = {isa = PBXBuildFile; fileRef = 49E664C01EB96BDD00CE0A64 /* HarunaTests.swift */; };
		49E664CC1EB96BDD00CE0A64 /* HarunaUITests.swift in Sources */ = {isa = PBXBuildFile; fileRef = 49E664CB1EB96BDD00CE0A64 /* HarunaUITests.swift */; };
		C528BF52D1372A5B300B86E2 /* Pods_HarunaTests.framework in Frameworks */ = {isa = PBXBuildFile; fileRef = 90152E76D6F9C74A15CA5666 /* Pods_HarunaTests.framework */; };
/* End PBXBuildFile section */

/* Begin PBXContainerItemProxy section */
		49E664BD1EB96BDD00CE0A64 /* PBXContainerItemProxy */ = {
			isa = PBXContainerItemProxy;
			containerPortal = 49E6649E1EB96BDC00CE0A64 /* Project object */;
			proxyType = 1;
			remoteGlobalIDString = 49E664A51EB96BDC00CE0A64;
			remoteInfo = Haruna;
		};
		49E664C81EB96BDD00CE0A64 /* PBXContainerItemProxy */ = {
			isa = PBXContainerItemProxy;
			containerPortal = 49E6649E1EB96BDC00CE0A64 /* Project object */;
			proxyType = 1;
			remoteGlobalIDString = 49E664A51EB96BDC00CE0A64;
			remoteInfo = Haruna;
		};
/* End PBXContainerItemProxy section */

/* Begin PBXFileReference section */
		49170D651EB9B48A004C6081 /* Event.swift */ = {isa = PBXFileReference; fileEncoding = 4; lastKnownFileType = sourcecode.swift; path = Event.swift; sourceTree = "<group>"; };
		49E664A61EB96BDC00CE0A64 /* Haruna.app */ = {isa = PBXFileReference; explicitFileType = wrapper.application; includeInIndex = 0; path = Haruna.app; sourceTree = BUILT_PRODUCTS_DIR; };
		49E664A91EB96BDC00CE0A64 /* AppDelegate.swift */ = {isa = PBXFileReference; lastKnownFileType = sourcecode.swift; path = AppDelegate.swift; sourceTree = "<group>"; };
		49E664AB1EB96BDC00CE0A64 /* FirstViewController.swift */ = {isa = PBXFileReference; lastKnownFileType = sourcecode.swift; path = FirstViewController.swift; sourceTree = "<group>"; };
		49E664AD1EB96BDC00CE0A64 /* SecondViewController.swift */ = {isa = PBXFileReference; lastKnownFileType = sourcecode.swift; path = SecondViewController.swift; sourceTree = "<group>"; };
		49E664B01EB96BDC00CE0A64 /* Base */ = {isa = PBXFileReference; lastKnownFileType = file.storyboard; name = Base; path = Base.lproj/Main.storyboard; sourceTree = "<group>"; };
		49E664B21EB96BDC00CE0A64 /* Assets.xcassets */ = {isa = PBXFileReference; lastKnownFileType = folder.assetcatalog; path = Assets.xcassets; sourceTree = "<group>"; };
		49E664B51EB96BDC00CE0A64 /* Base */ = {isa = PBXFileReference; lastKnownFileType = file.storyboard; name = Base; path = Base.lproj/LaunchScreen.storyboard; sourceTree = "<group>"; };
		49E664B71EB96BDC00CE0A64 /* Info.plist */ = {isa = PBXFileReference; lastKnownFileType = text.plist.xml; path = Info.plist; sourceTree = "<group>"; };
		49E664BC1EB96BDD00CE0A64 /* HarunaTests.xctest */ = {isa = PBXFileReference; explicitFileType = wrapper.cfbundle; includeInIndex = 0; path = HarunaTests.xctest; sourceTree = BUILT_PRODUCTS_DIR; };
		49E664C01EB96BDD00CE0A64 /* HarunaTests.swift */ = {isa = PBXFileReference; lastKnownFileType = sourcecode.swift; path = HarunaTests.swift; sourceTree = "<group>"; };
		49E664C21EB96BDD00CE0A64 /* Info.plist */ = {isa = PBXFileReference; lastKnownFileType = text.plist.xml; path = Info.plist; sourceTree = "<group>"; };
		49E664C71EB96BDD00CE0A64 /* HarunaUITests.xctest */ = {isa = PBXFileReference; explicitFileType = wrapper.cfbundle; includeInIndex = 0; path = HarunaUITests.xctest; sourceTree = BUILT_PRODUCTS_DIR; };
		49E664CB1EB96BDD00CE0A64 /* HarunaUITests.swift */ = {isa = PBXFileReference; lastKnownFileType = sourcecode.swift; path = HarunaUITests.swift; sourceTree = "<group>"; };
		49E664CD1EB96BDD00CE0A64 /* Info.plist */ = {isa = PBXFileReference; lastKnownFileType = text.plist.xml; path = Info.plist; sourceTree = "<group>"; };
		7704FE944583055F1BFF0571 /* Pods_Haruna.framework */ = {isa = PBXFileReference; explicitFileType = wrapper.framework; includeInIndex = 0; path = Pods_Haruna.framework; sourceTree = BUILT_PRODUCTS_DIR; };
		826AF4D2EFCCCAF1301B1B2A /* Pods-HarunaUITests.release.xcconfig */ = {isa = PBXFileReference; includeInIndex = 1; lastKnownFileType = text.xcconfig; name = "Pods-HarunaUITests.release.xcconfig"; path = "Pods/Target Support Files/Pods-HarunaUITests/Pods-HarunaUITests.release.xcconfig"; sourceTree = "<group>"; };
		90152E76D6F9C74A15CA5666 /* Pods_HarunaTests.framework */ = {isa = PBXFileReference; explicitFileType = wrapper.framework; includeInIndex = 0; path = Pods_HarunaTests.framework; sourceTree = BUILT_PRODUCTS_DIR; };
		90B0DBCB8D9FDED3B452D358 /* Pods-Haruna.release.xcconfig */ = {isa = PBXFileReference; includeInIndex = 1; lastKnownFileType = text.xcconfig; name = "Pods-Haruna.release.xcconfig"; path = "Pods/Target Support Files/Pods-Haruna/Pods-Haruna.release.xcconfig"; sourceTree = "<group>"; };
		BD0FF8C9AA6066A312A57BFE /* Pods-Haruna.debug.xcconfig */ = {isa = PBXFileReference; includeInIndex = 1; lastKnownFileType = text.xcconfig; name = "Pods-Haruna.debug.xcconfig"; path = "Pods/Target Support Files/Pods-Haruna/Pods-Haruna.debug.xcconfig"; sourceTree = "<group>"; };
		C604DDD1E3FCC8DD2F83209A /* Pods_HarunaUITests.framework */ = {isa = PBXFileReference; explicitFileType = wrapper.framework; includeInIndex = 0; path = Pods_HarunaUITests.framework; sourceTree = BUILT_PRODUCTS_DIR; };
		D48A4ABB20AA8BDF499CB6F2 /* Pods-HarunaTests.release.xcconfig */ = {isa = PBXFileReference; includeInIndex = 1; lastKnownFileType = text.xcconfig; name = "Pods-HarunaTests.release.xcconfig"; path = "Pods/Target Support Files/Pods-HarunaTests/Pods-HarunaTests.release.xcconfig"; sourceTree = "<group>"; };
		DDA0D93D0F23448C18E262BD /* Pods-HarunaTests.debug.xcconfig */ = {isa = PBXFileReference; includeInIndex = 1; lastKnownFileType = text.xcconfig; name = "Pods-HarunaTests.debug.xcconfig"; path = "Pods/Target Support Files/Pods-HarunaTests/Pods-HarunaTests.debug.xcconfig"; sourceTree = "<group>"; };
		E109076C1CA90C71066F87FA /* Pods-HarunaUITests.debug.xcconfig */ = {isa = PBXFileReference; includeInIndex = 1; lastKnownFileType = text.xcconfig; name = "Pods-HarunaUITests.debug.xcconfig"; path = "Pods/Target Support Files/Pods-HarunaUITests/Pods-HarunaUITests.debug.xcconfig"; sourceTree = "<group>"; };
/* End PBXFileReference section */

/* Begin PBXFrameworksBuildPhase section */
		49E664A31EB96BDC00CE0A64 /* Frameworks */ = {
			isa = PBXFrameworksBuildPhase;
			buildActionMask = 2147483647;
			files = (
				2D7870221B676A017CCE7228 /* Pods_Haruna.framework in Frameworks */,
			);
			runOnlyForDeploymentPostprocessing = 0;
		};
		49E664B91EB96BDD00CE0A64 /* Frameworks */ = {
			isa = PBXFrameworksBuildPhase;
			buildActionMask = 2147483647;
			files = (
				C528BF52D1372A5B300B86E2 /* Pods_HarunaTests.framework in Frameworks */,
			);
			runOnlyForDeploymentPostprocessing = 0;
		};
		49E664C41EB96BDD00CE0A64 /* Frameworks */ = {
			isa = PBXFrameworksBuildPhase;
			buildActionMask = 2147483647;
			files = (
				1D211C1368F283750075630E /* Pods_HarunaUITests.framework in Frameworks */,
			);
			runOnlyForDeploymentPostprocessing = 0;
		};
/* End PBXFrameworksBuildPhase section */

/* Begin PBXGroup section */
		49E6649D1EB96BDC00CE0A64 = {
			isa = PBXGroup;
			children = (
				49E664A81EB96BDC00CE0A64 /* Haruna */,
				49E664BF1EB96BDD00CE0A64 /* HarunaTests */,
				49E664CA1EB96BDD00CE0A64 /* HarunaUITests */,
				49E664A71EB96BDC00CE0A64 /* Products */,
				5E07D5FC41975326D835B231 /* Pods */,
				89213E56379B1A9063EEBFFE /* Frameworks */,
			);
			sourceTree = "<group>";
		};
		49E664A71EB96BDC00CE0A64 /* Products */ = {
			isa = PBXGroup;
			children = (
				49E664A61EB96BDC00CE0A64 /* Haruna.app */,
				49E664BC1EB96BDD00CE0A64 /* HarunaTests.xctest */,
				49E664C71EB96BDD00CE0A64 /* HarunaUITests.xctest */,
			);
			name = Products;
			sourceTree = "<group>";
		};
		49E664A81EB96BDC00CE0A64 /* Haruna */ = {
			isa = PBXGroup;
			children = (
				49E664A91EB96BDC00CE0A64 /* AppDelegate.swift */,
				49E664AB1EB96BDC00CE0A64 /* FirstViewController.swift */,
				49E664AD1EB96BDC00CE0A64 /* SecondViewController.swift */,
				49E664AF1EB96BDC00CE0A64 /* Main.storyboard */,
				49E664B21EB96BDC00CE0A64 /* Assets.xcassets */,
				49E664B41EB96BDC00CE0A64 /* LaunchScreen.storyboard */,
				49E664B71EB96BDC00CE0A64 /* Info.plist */,
				49170D651EB9B48A004C6081 /* Event.swift */,
			);
			path = Haruna;
			sourceTree = "<group>";
		};
		49E664BF1EB96BDD00CE0A64 /* HarunaTests */ = {
			isa = PBXGroup;
			children = (
				49E664C01EB96BDD00CE0A64 /* HarunaTests.swift */,
				49E664C21EB96BDD00CE0A64 /* Info.plist */,
			);
			path = HarunaTests;
			sourceTree = "<group>";
		};
		49E664CA1EB96BDD00CE0A64 /* HarunaUITests */ = {
			isa = PBXGroup;
			children = (
				49E664CB1EB96BDD00CE0A64 /* HarunaUITests.swift */,
				49E664CD1EB96BDD00CE0A64 /* Info.plist */,
			);
			path = HarunaUITests;
			sourceTree = "<group>";
		};
		5E07D5FC41975326D835B231 /* Pods */ = {
			isa = PBXGroup;
			children = (
				BD0FF8C9AA6066A312A57BFE /* Pods-Haruna.debug.xcconfig */,
				90B0DBCB8D9FDED3B452D358 /* Pods-Haruna.release.xcconfig */,
				DDA0D93D0F23448C18E262BD /* Pods-HarunaTests.debug.xcconfig */,
				D48A4ABB20AA8BDF499CB6F2 /* Pods-HarunaTests.release.xcconfig */,
				E109076C1CA90C71066F87FA /* Pods-HarunaUITests.debug.xcconfig */,
				826AF4D2EFCCCAF1301B1B2A /* Pods-HarunaUITests.release.xcconfig */,
			);
			name = Pods;
			sourceTree = "<group>";
		};
		89213E56379B1A9063EEBFFE /* Frameworks */ = {
			isa = PBXGroup;
			children = (
				7704FE944583055F1BFF0571 /* Pods_Haruna.framework */,
				90152E76D6F9C74A15CA5666 /* Pods_HarunaTests.framework */,
				C604DDD1E3FCC8DD2F83209A /* Pods_HarunaUITests.framework */,
			);
			name = Frameworks;
			sourceTree = "<group>";
		};
/* End PBXGroup section */

/* Begin PBXNativeTarget section */
		49E664A51EB96BDC00CE0A64 /* Haruna */ = {
			isa = PBXNativeTarget;
			buildConfigurationList = 49E664D01EB96BDD00CE0A64 /* Build configuration list for PBXNativeTarget "Haruna" */;
			buildPhases = (
				E19A0E01BFA2618745021B54 /* [CP] Check Pods Manifest.lock */,
				49E664A21EB96BDC00CE0A64 /* Sources */,
				49E664A31EB96BDC00CE0A64 /* Frameworks */,
				49E664A41EB96BDC00CE0A64 /* Resources */,
				D452DF0B7CE0A3F778285264 /* [CP] Embed Pods Frameworks */,
				391F983985C949D4D921E36E /* [CP] Copy Pods Resources */,
			);
			buildRules = (
			);
			dependencies = (
			);
			name = Haruna;
			productName = Haruna;
			productReference = 49E664A61EB96BDC00CE0A64 /* Haruna.app */;
			productType = "com.apple.product-type.application";
		};
		49E664BB1EB96BDD00CE0A64 /* HarunaTests */ = {
			isa = PBXNativeTarget;
			buildConfigurationList = 49E664D31EB96BDD00CE0A64 /* Build configuration list for PBXNativeTarget "HarunaTests" */;
			buildPhases = (
				BF1F27D5F6F531D903BEAAC8 /* [CP] Check Pods Manifest.lock */,
				49E664B81EB96BDD00CE0A64 /* Sources */,
				49E664B91EB96BDD00CE0A64 /* Frameworks */,
				49E664BA1EB96BDD00CE0A64 /* Resources */,
				EA47C410342AAE97AEEBDFD9 /* [CP] Embed Pods Frameworks */,
				532835413C060CFBFA238934 /* [CP] Copy Pods Resources */,
			);
			buildRules = (
			);
			dependencies = (
				49E664BE1EB96BDD00CE0A64 /* PBXTargetDependency */,
			);
			name = HarunaTests;
			productName = HarunaTests;
			productReference = 49E664BC1EB96BDD00CE0A64 /* HarunaTests.xctest */;
			productType = "com.apple.product-type.bundle.unit-test";
		};
		49E664C61EB96BDD00CE0A64 /* HarunaUITests */ = {
			isa = PBXNativeTarget;
			buildConfigurationList = 49E664D61EB96BDD00CE0A64 /* Build configuration list for PBXNativeTarget "HarunaUITests" */;
			buildPhases = (
				6AED1409A4E2B64064557E85 /* [CP] Check Pods Manifest.lock */,
				49E664C31EB96BDD00CE0A64 /* Sources */,
				49E664C41EB96BDD00CE0A64 /* Frameworks */,
				49E664C51EB96BDD00CE0A64 /* Resources */,
				525475A20A360543EC150621 /* [CP] Embed Pods Frameworks */,
				C2355482AC50E0C6CF9369F3 /* [CP] Copy Pods Resources */,
			);
			buildRules = (
			);
			dependencies = (
				49E664C91EB96BDD00CE0A64 /* PBXTargetDependency */,
			);
			name = HarunaUITests;
			productName = HarunaUITests;
			productReference = 49E664C71EB96BDD00CE0A64 /* HarunaUITests.xctest */;
			productType = "com.apple.product-type.bundle.ui-testing";
		};
/* End PBXNativeTarget section */

/* Begin PBXProject section */
		49E6649E1EB96BDC00CE0A64 /* Project object */ = {
			isa = PBXProject;
			attributes = {
				LastSwiftUpdateCheck = 0830;
				LastUpgradeCheck = 0830;
				ORGANIZATIONNAME = tan5;
				TargetAttributes = {
					49E664A51EB96BDC00CE0A64 = {
						CreatedOnToolsVersion = 8.3.2;
						ProvisioningStyle = Automatic;
					};
					49E664BB1EB96BDD00CE0A64 = {
						CreatedOnToolsVersion = 8.3.2;
						ProvisioningStyle = Automatic;
						TestTargetID = 49E664A51EB96BDC00CE0A64;
					};
					49E664C61EB96BDD00CE0A64 = {
						CreatedOnToolsVersion = 8.3.2;
						ProvisioningStyle = Automatic;
						TestTargetID = 49E664A51EB96BDC00CE0A64;
					};
				};
			};
			buildConfigurationList = 49E664A11EB96BDC00CE0A64 /* Build configuration list for PBXProject "Haruna" */;
			compatibilityVersion = "Xcode 3.2";
			developmentRegion = English;
			hasScannedForEncodings = 0;
			knownRegions = (
				en,
				Base,
			);
			mainGroup = 49E6649D1EB96BDC00CE0A64;
			productRefGroup = 49E664A71EB96BDC00CE0A64 /* Products */;
			projectDirPath = "";
			projectRoot = "";
			targets = (
				49E664A51EB96BDC00CE0A64 /* Haruna */,
				49E664BB1EB96BDD00CE0A64 /* HarunaTests */,
				49E664C61EB96BDD00CE0A64 /* HarunaUITests */,
			);
		};
/* End PBXProject section */

/* Begin PBXResourcesBuildPhase section */
		49E664A41EB96BDC00CE0A64 /* Resources */ = {
			isa = PBXResourcesBuildPhase;
			buildActionMask = 2147483647;
			files = (
				49E664B61EB96BDC00CE0A64 /* LaunchScreen.storyboard in Resources */,
				49E664B31EB96BDC00CE0A64 /* Assets.xcassets in Resources */,
				49E664B11EB96BDC00CE0A64 /* Main.storyboard in Resources */,
			);
			runOnlyForDeploymentPostprocessing = 0;
		};
		49E664BA1EB96BDD00CE0A64 /* Resources */ = {
			isa = PBXResourcesBuildPhase;
			buildActionMask = 2147483647;
			files = (
			);
			runOnlyForDeploymentPostprocessing = 0;
		};
		49E664C51EB96BDD00CE0A64 /* Resources */ = {
			isa = PBXResourcesBuildPhase;
			buildActionMask = 2147483647;
			files = (
			);
			runOnlyForDeploymentPostprocessing = 0;
		};
/* End PBXResourcesBuildPhase section */

/* Begin PBXShellScriptBuildPhase section */
		391F983985C949D4D921E36E /* [CP] Copy Pods Resources */ = {
			isa = PBXShellScriptBuildPhase;
			buildActionMask = 2147483647;
			files = (
			);
			inputPaths = (
			);
			name = "[CP] Copy Pods Resources";
			outputPaths = (
			);
			runOnlyForDeploymentPostprocessing = 0;
			shellPath = /bin/sh;
			shellScript = "\"${SRCROOT}/Pods/Target Support Files/Pods-Haruna/Pods-Haruna-resources.sh\"\n";
			showEnvVarsInLog = 0;
		};
		525475A20A360543EC150621 /* [CP] Embed Pods Frameworks */ = {
			isa = PBXShellScriptBuildPhase;
			buildActionMask = 2147483647;
			files = (
			);
			inputPaths = (
			);
			name = "[CP] Embed Pods Frameworks";
			outputPaths = (
			);
			runOnlyForDeploymentPostprocessing = 0;
			shellPath = /bin/sh;
			shellScript = "\"${SRCROOT}/Pods/Target Support Files/Pods-HarunaUITests/Pods-HarunaUITests-frameworks.sh\"\n";
			showEnvVarsInLog = 0;
		};
		532835413C060CFBFA238934 /* [CP] Copy Pods Resources */ = {
			isa = PBXShellScriptBuildPhase;
			buildActionMask = 2147483647;
			files = (
			);
			inputPaths = (
			);
			name = "[CP] Copy Pods Resources";
			outputPaths = (
			);
			runOnlyForDeploymentPostprocessing = 0;
			shellPath = /bin/sh;
			shellScript = "\"${SRCROOT}/Pods/Target Support Files/Pods-HarunaTests/Pods-HarunaTests-resources.sh\"\n";
			showEnvVarsInLog = 0;
		};
		6AED1409A4E2B64064557E85 /* [CP] Check Pods Manifest.lock */ = {
			isa = PBXShellScriptBuildPhase;
			buildActionMask = 2147483647;
			files = (
			);
			inputPaths = (
			);
			name = "[CP] Check Pods Manifest.lock";
			outputPaths = (
			);
			runOnlyForDeploymentPostprocessing = 0;
			shellPath = /bin/sh;
			shellScript = "diff \"${PODS_PODFILE_DIR_PATH}/Podfile.lock\" \"${PODS_ROOT}/Manifest.lock\" > /dev/null\nif [ $? != 0 ] ; then\n    # print error to STDERR\n    echo \"error: The sandbox is not in sync with the Podfile.lock. Run 'pod install' or update your CocoaPods installation.\" >&2\n    exit 1\nfi\n";
			showEnvVarsInLog = 0;
		};
		BF1F27D5F6F531D903BEAAC8 /* [CP] Check Pods Manifest.lock */ = {
			isa = PBXShellScriptBuildPhase;
			buildActionMask = 2147483647;
			files = (
			);
			inputPaths = (
			);
			name = "[CP] Check Pods Manifest.lock";
			outputPaths = (
			);
			runOnlyForDeploymentPostprocessing = 0;
			shellPath = /bin/sh;
			shellScript = "diff \"${PODS_PODFILE_DIR_PATH}/Podfile.lock\" \"${PODS_ROOT}/Manifest.lock\" > /dev/null\nif [ $? != 0 ] ; then\n    # print error to STDERR\n    echo \"error: The sandbox is not in sync with the Podfile.lock. Run 'pod install' or update your CocoaPods installation.\" >&2\n    exit 1\nfi\n";
			showEnvVarsInLog = 0;
		};
		C2355482AC50E0C6CF9369F3 /* [CP] Copy Pods Resources */ = {
			isa = PBXShellScriptBuildPhase;
			buildActionMask = 2147483647;
			files = (
			);
			inputPaths = (
			);
			name = "[CP] Copy Pods Resources";
			outputPaths = (
			);
			runOnlyForDeploymentPostprocessing = 0;
			shellPath = /bin/sh;
			shellScript = "\"${SRCROOT}/Pods/Target Support Files/Pods-HarunaUITests/Pods-HarunaUITests-resources.sh\"\n";
			showEnvVarsInLog = 0;
		};
		D452DF0B7CE0A3F778285264 /* [CP] Embed Pods Frameworks */ = {
			isa = PBXShellScriptBuildPhase;
			buildActionMask = 2147483647;
			files = (
			);
			inputPaths = (
			);
			name = "[CP] Embed Pods Frameworks";
			outputPaths = (
			);
			runOnlyForDeploymentPostprocessing = 0;
			shellPath = /bin/sh;
			shellScript = "\"${SRCROOT}/Pods/Target Support Files/Pods-Haruna/Pods-Haruna-frameworks.sh\"\n";
			showEnvVarsInLog = 0;
		};
		E19A0E01BFA2618745021B54 /* [CP] Check Pods Manifest.lock */ = {
			isa = PBXShellScriptBuildPhase;
			buildActionMask = 2147483647;
			files = (
			);
			inputPaths = (
			);
			name = "[CP] Check Pods Manifest.lock";
			outputPaths = (
			);
			runOnlyForDeploymentPostprocessing = 0;
			shellPath = /bin/sh;
			shellScript = "diff \"${PODS_PODFILE_DIR_PATH}/Podfile.lock\" \"${PODS_ROOT}/Manifest.lock\" > /dev/null\nif [ $? != 0 ] ; then\n    # print error to STDERR\n    echo \"error: The sandbox is not in sync with the Podfile.lock. Run 'pod install' or update your CocoaPods installation.\" >&2\n    exit 1\nfi\n";
			showEnvVarsInLog = 0;
		};
		EA47C410342AAE97AEEBDFD9 /* [CP] Embed Pods Frameworks */ = {
			isa = PBXShellScriptBuildPhase;
			buildActionMask = 2147483647;
			files = (
			);
			inputPaths = (
			);
			name = "[CP] Embed Pods Frameworks";
			outputPaths = (
			);
			runOnlyForDeploymentPostprocessing = 0;
			shellPath = /bin/sh;
			shellScript = "\"${SRCROOT}/Pods/Target Support Files/Pods-HarunaTests/Pods-HarunaTests-frameworks.sh\"\n";
			showEnvVarsInLog = 0;
		};
/* End PBXShellScriptBuildPhase section */

/* Begin PBXSourcesBuildPhase section */
		49E664A21EB96BDC00CE0A64 /* Sources */ = {
			isa = PBXSourcesBuildPhase;
			buildActionMask = 2147483647;
			files = (
				49170D661EB9B48A004C6081 /* Event.swift in Sources */,
				49E664AE1EB96BDC00CE0A64 /* SecondViewController.swift in Sources */,
				49E664AA1EB96BDC00CE0A64 /* AppDelegate.swift in Sources */,
				49E664AC1EB96BDC00CE0A64 /* FirstViewController.swift in Sources */,
			);
			runOnlyForDeploymentPostprocessing = 0;
		};
		49E664B81EB96BDD00CE0A64 /* Sources */ = {
			isa = PBXSourcesBuildPhase;
			buildActionMask = 2147483647;
			files = (
				49E664C11EB96BDD00CE0A64 /* HarunaTests.swift in Sources */,
			);
			runOnlyForDeploymentPostprocessing = 0;
		};
		49E664C31EB96BDD00CE0A64 /* Sources */ = {
			isa = PBXSourcesBuildPhase;
			buildActionMask = 2147483647;
			files = (
				49E664CC1EB96BDD00CE0A64 /* HarunaUITests.swift in Sources */,
			);
			runOnlyForDeploymentPostprocessing = 0;
		};
/* End PBXSourcesBuildPhase section */

/* Begin PBXTargetDependency section */
		49E664BE1EB96BDD00CE0A64 /* PBXTargetDependency */ = {
			isa = PBXTargetDependency;
			target = 49E664A51EB96BDC00CE0A64 /* Haruna */;
			targetProxy = 49E664BD1EB96BDD00CE0A64 /* PBXContainerItemProxy */;
		};
		49E664C91EB96BDD00CE0A64 /* PBXTargetDependency */ = {
			isa = PBXTargetDependency;
			target = 49E664A51EB96BDC00CE0A64 /* Haruna */;
			targetProxy = 49E664C81EB96BDD00CE0A64 /* PBXContainerItemProxy */;
		};
/* End PBXTargetDependency section */

/* Begin PBXVariantGroup section */
		49E664AF1EB96BDC00CE0A64 /* Main.storyboard */ = {
			isa = PBXVariantGroup;
			children = (
				49E664B01EB96BDC00CE0A64 /* Base */,
			);
			name = Main.storyboard;
			sourceTree = "<group>";
		};
		49E664B41EB96BDC00CE0A64 /* LaunchScreen.storyboard */ = {
			isa = PBXVariantGroup;
			children = (
				49E664B51EB96BDC00CE0A64 /* Base */,
			);
			name = LaunchScreen.storyboard;
			sourceTree = "<group>";
		};
/* End PBXVariantGroup section */

/* Begin XCBuildConfiguration section */
		49E664CE1EB96BDD00CE0A64 /* Debug */ = {
			isa = XCBuildConfiguration;
			buildSettings = {
				ALWAYS_SEARCH_USER_PATHS = NO;
				CLANG_ANALYZER_NONNULL = YES;
				CLANG_ANALYZER_NUMBER_OBJECT_CONVERSION = YES_AGGRESSIVE;
				CLANG_CXX_LANGUAGE_STANDARD = "gnu++0x";
				CLANG_CXX_LIBRARY = "libc++";
				CLANG_ENABLE_MODULES = YES;
				CLANG_ENABLE_OBJC_ARC = YES;
				CLANG_WARN_BOOL_CONVERSION = YES;
				CLANG_WARN_CONSTANT_CONVERSION = YES;
				CLANG_WARN_DIRECT_OBJC_ISA_USAGE = YES_ERROR;
				CLANG_WARN_DOCUMENTATION_COMMENTS = YES;
				CLANG_WARN_EMPTY_BODY = YES;
				CLANG_WARN_ENUM_CONVERSION = YES;
				CLANG_WARN_INFINITE_RECURSION = YES;
				CLANG_WARN_INT_CONVERSION = YES;
				CLANG_WARN_OBJC_ROOT_CLASS = YES_ERROR;
				CLANG_WARN_SUSPICIOUS_MOVE = YES;
				CLANG_WARN_UNREACHABLE_CODE = YES;
				CLANG_WARN__DUPLICATE_METHOD_MATCH = YES;
				"CODE_SIGN_IDENTITY[sdk=iphoneos*]" = "iPhone Developer";
				COPY_PHASE_STRIP = NO;
				DEBUG_INFORMATION_FORMAT = dwarf;
				ENABLE_STRICT_OBJC_MSGSEND = YES;
				ENABLE_TESTABILITY = YES;
				GCC_C_LANGUAGE_STANDARD = gnu99;
				GCC_DYNAMIC_NO_PIC = NO;
				GCC_NO_COMMON_BLOCKS = YES;
				GCC_OPTIMIZATION_LEVEL = 0;
				GCC_PREPROCESSOR_DEFINITIONS = (
					"DEBUG=1",
					"$(inherited)",
				);
				GCC_WARN_64_TO_32_BIT_CONVERSION = YES;
				GCC_WARN_ABOUT_RETURN_TYPE = YES_ERROR;
				GCC_WARN_UNDECLARED_SELECTOR = YES;
				GCC_WARN_UNINITIALIZED_AUTOS = YES_AGGRESSIVE;
				GCC_WARN_UNUSED_FUNCTION = YES;
				GCC_WARN_UNUSED_VARIABLE = YES;
				IPHONEOS_DEPLOYMENT_TARGET = 10.3;
				MTL_ENABLE_DEBUG_INFO = YES;
				ONLY_ACTIVE_ARCH = YES;
				SDKROOT = iphoneos;
				SWIFT_ACTIVE_COMPILATION_CONDITIONS = DEBUG;
				SWIFT_OPTIMIZATION_LEVEL = "-Onone";
				TARGETED_DEVICE_FAMILY = "1,2";
			};
			name = Debug;
		};
		49E664CF1EB96BDD00CE0A64 /* Release */ = {
			isa = XCBuildConfiguration;
			buildSettings = {
				ALWAYS_SEARCH_USER_PATHS = NO;
				CLANG_ANALYZER_NONNULL = YES;
				CLANG_ANALYZER_NUMBER_OBJECT_CONVERSION = YES_AGGRESSIVE;
				CLANG_CXX_LANGUAGE_STANDARD = "gnu++0x";
				CLANG_CXX_LIBRARY = "libc++";
				CLANG_ENABLE_MODULES = YES;
				CLANG_ENABLE_OBJC_ARC = YES;
				CLANG_WARN_BOOL_CONVERSION = YES;
				CLANG_WARN_CONSTANT_CONVERSION = YES;
				CLANG_WARN_DIRECT_OBJC_ISA_USAGE = YES_ERROR;
				CLANG_WARN_DOCUMENTATION_COMMENTS = YES;
				CLANG_WARN_EMPTY_BODY = YES;
				CLANG_WARN_ENUM_CONVERSION = YES;
				CLANG_WARN_INFINITE_RECURSION = YES;
				CLANG_WARN_INT_CONVERSION = YES;
				CLANG_WARN_OBJC_ROOT_CLASS = YES_ERROR;
				CLANG_WARN_SUSPICIOUS_MOVE = YES;
				CLANG_WARN_UNREACHABLE_CODE = YES;
				CLANG_WARN__DUPLICATE_METHOD_MATCH = YES;
				"CODE_SIGN_IDENTITY[sdk=iphoneos*]" = "iPhone Developer";
				COPY_PHASE_STRIP = NO;
				DEBUG_INFORMATION_FORMAT = "dwarf-with-dsym";
				ENABLE_NS_ASSERTIONS = NO;
				ENABLE_STRICT_OBJC_MSGSEND = YES;
				GCC_C_LANGUAGE_STANDARD = gnu99;
				GCC_NO_COMMON_BLOCKS = YES;
				GCC_WARN_64_TO_32_BIT_CONVERSION = YES;
				GCC_WARN_ABOUT_RETURN_TYPE = YES_ERROR;
				GCC_WARN_UNDECLARED_SELECTOR = YES;
				GCC_WARN_UNINITIALIZED_AUTOS = YES_AGGRESSIVE;
				GCC_WARN_UNUSED_FUNCTION = YES;
				GCC_WARN_UNUSED_VARIABLE = YES;
				IPHONEOS_DEPLOYMENT_TARGET = 10.3;
				MTL_ENABLE_DEBUG_INFO = NO;
				SDKROOT = iphoneos;
				SWIFT_OPTIMIZATION_LEVEL = "-Owholemodule";
				TARGETED_DEVICE_FAMILY = "1,2";
				VALIDATE_PRODUCT = YES;
			};
			name = Release;
		};
		49E664D11EB96BDD00CE0A64 /* Debug */ = {
			isa = XCBuildConfiguration;
			baseConfigurationReference = BD0FF8C9AA6066A312A57BFE /* Pods-Haruna.debug.xcconfig */;
			buildSettings = {
				ASSETCATALOG_COMPILER_APPICON_NAME = AppIcon;
				INFOPLIST_FILE = Haruna/Info.plist;
				IPHONEOS_DEPLOYMENT_TARGET = 10.0;
				LD_RUNPATH_SEARCH_PATHS = "$(inherited) @executable_path/Frameworks";
				PRODUCT_BUNDLE_IDENTIFIER = net.fktan5.Haruna;
				PRODUCT_NAME = "$(TARGET_NAME)";
				SWIFT_VERSION = 3.0;
			};
			name = Debug;
		};
		49E664D21EB96BDD00CE0A64 /* Release */ = {
			isa = XCBuildConfiguration;
			baseConfigurationReference = 90B0DBCB8D9FDED3B452D358 /* Pods-Haruna.release.xcconfig */;
			buildSettings = {
				ASSETCATALOG_COMPILER_APPICON_NAME = AppIcon;
				INFOPLIST_FILE = Haruna/Info.plist;
				IPHONEOS_DEPLOYMENT_TARGET = 10.0;
				LD_RUNPATH_SEARCH_PATHS = "$(inherited) @executable_path/Frameworks";
				PRODUCT_BUNDLE_IDENTIFIER = net.fktan5.Haruna;
				PRODUCT_NAME = "$(TARGET_NAME)";
				SWIFT_VERSION = 3.0;
			};
			name = Release;
		};
		49E664D41EB96BDD00CE0A64 /* Debug */ = {
			isa = XCBuildConfiguration;
			baseConfigurationReference = DDA0D93D0F23448C18E262BD /* Pods-HarunaTests.debug.xcconfig */;
			buildSettings = {
				ALWAYS_EMBED_SWIFT_STANDARD_LIBRARIES = YES;
				BUNDLE_LOADER = "$(TEST_HOST)";
				INFOPLIST_FILE = HarunaTests/Info.plist;
				LD_RUNPATH_SEARCH_PATHS = "$(inherited) @executable_path/Frameworks @loader_path/Frameworks";
				PRODUCT_BUNDLE_IDENTIFIER = net.fktan5.HarunaTests;
				PRODUCT_NAME = "$(TARGET_NAME)";
				SWIFT_VERSION = 3.0;
				TEST_HOST = "$(BUILT_PRODUCTS_DIR)/Haruna.app/Haruna";
			};
			name = Debug;
		};
		49E664D51EB96BDD00CE0A64 /* Release */ = {
			isa = XCBuildConfiguration;
			baseConfigurationReference = D48A4ABB20AA8BDF499CB6F2 /* Pods-HarunaTests.release.xcconfig */;
			buildSettings = {
				ALWAYS_EMBED_SWIFT_STANDARD_LIBRARIES = YES;
				BUNDLE_LOADER = "$(TEST_HOST)";
				INFOPLIST_FILE = HarunaTests/Info.plist;
				LD_RUNPATH_SEARCH_PATHS = "$(inherited) @executable_path/Frameworks @loader_path/Frameworks";
				PRODUCT_BUNDLE_IDENTIFIER = net.fktan5.HarunaTests;
				PRODUCT_NAME = "$(TARGET_NAME)";
				SWIFT_VERSION = 3.0;
				TEST_HOST = "$(BUILT_PRODUCTS_DIR)/Haruna.app/Haruna";
			};
			name = Release;
		};
		49E664D71EB96BDD00CE0A64 /* Debug */ = {
			isa = XCBuildConfiguration;
			baseConfigurationReference = E109076C1CA90C71066F87FA /* Pods-HarunaUITests.debug.xcconfig */;
			buildSettings = {
				ALWAYS_EMBED_SWIFT_STANDARD_LIBRARIES = YES;
				INFOPLIST_FILE = HarunaUITests/Info.plist;
				LD_RUNPATH_SEARCH_PATHS = "$(inherited) @executable_path/Frameworks @loader_path/Frameworks";
				PRODUCT_BUNDLE_IDENTIFIER = net.fktan5.HarunaUITests;
				PRODUCT_NAME = "$(TARGET_NAME)";
				SWIFT_VERSION = 3.0;
				TEST_TARGET_NAME = Haruna;
			};
			name = Debug;
		};
		49E664D81EB96BDD00CE0A64 /* Release */ = {
			isa = XCBuildConfiguration;
			baseConfigurationReference = 826AF4D2EFCCCAF1301B1B2A /* Pods-HarunaUITests.release.xcconfig */;
			buildSettings = {
				ALWAYS_EMBED_SWIFT_STANDARD_LIBRARIES = YES;
				INFOPLIST_FILE = HarunaUITests/Info.plist;
				LD_RUNPATH_SEARCH_PATHS = "$(inherited) @executable_path/Frameworks @loader_path/Frameworks";
				PRODUCT_BUNDLE_IDENTIFIER = net.fktan5.HarunaUITests;
				PRODUCT_NAME = "$(TARGET_NAME)";
				SWIFT_VERSION = 3.0;
				TEST_TARGET_NAME = Haruna;
			};
			name = Release;
		};
/* End XCBuildConfiguration section */

/* Begin XCConfigurationList section */
		49E664A11EB96BDC00CE0A64 /* Build configuration list for PBXProject "Haruna" */ = {
			isa = XCConfigurationList;
			buildConfigurations = (
				49E664CE1EB96BDD00CE0A64 /* Debug */,
				49E664CF1EB96BDD00CE0A64 /* Release */,
			);
			defaultConfigurationIsVisible = 0;
			defaultConfigurationName = Release;
		};
		49E664D01EB96BDD00CE0A64 /* Build configuration list for PBXNativeTarget "Haruna" */ = {
			isa = XCConfigurationList;
			buildConfigurations = (
				49E664D11EB96BDD00CE0A64 /* Debug */,
				49E664D21EB96BDD00CE0A64 /* Release */,
			);
			defaultConfigurationIsVisible = 0;
			defaultConfigurationName = Release;
		};
		49E664D31EB96BDD00CE0A64 /* Build configuration list for PBXNativeTarget "HarunaTests" */ = {
			isa = XCConfigurationList;
			buildConfigurations = (
				49E664D41EB96BDD00CE0A64 /* Debug */,
				49E664D51EB96BDD00CE0A64 /* Release */,
			);
			defaultConfigurationIsVisible = 0;
			defaultConfigurationName = Release;
		};
		49E664D61EB96BDD00CE0A64 /* Build configuration list for PBXNativeTarget "HarunaUITests" */ = {
			isa = XCConfigurationList;
			buildConfigurations = (
				49E664D71EB96BDD00CE0A64 /* Debug */,
				49E664D81EB96BDD00CE0A64 /* Release */,
			);
			defaultConfigurationIsVisible = 0;
			defaultConfigurationName = Release;
		};
/* End XCConfigurationList section */
	};
	rootObject = 49E6649E1EB96BDC00CE0A64 /* Project object */;
}
